
Microsoft Visual Studio Solution File, Format Version 12.00
# Visual Studio 14
VisualStudioVersion = 14.0.25123.0
MinimumVisualStudioVersion = 10.0.40219.1
Project("{FAE04EC0-301F-11D3-BF4B-00C04F79EFBC}") = "N-Medical", "N-Medical\N-Medical.csproj", "{0B3D9838-9DCD-4DB9-9372-81E87A9571D9}"
EndProject
Project("{FAE04EC0-301F-11D3-BF4B-00C04F79EFBC}") = "N-Medical.Tests", "N-Medical.Tests\N-Medical.Tests.csproj", "{D40E29D8-ED5A-432A-93F4-FB3342379016}"
EndProject
Global
	GlobalSection(SolutionConfigurationPlatforms) = preSolution
		Debug|Any CPU = Debug|Any CPU
		Release|Any CPU = Release|Any CPU
	EndGlobalSection
	GlobalSection(ProjectConfigurationPlatforms) = postSolution
		{0B3D9838-9DCD-4DB9-9372-81E87A9571D9}.Debug|Any CPU.ActiveCfg = Debug|Any CPU
		{0B3D9838-9DCD-4DB9-9372-81E87A9571D9}.Debug|Any CPU.Build.0 = Debug|Any CPU
		{0B3D9838-9DCD-4DB9-9372-81E87A9571D9}.Release|Any CPU.ActiveCfg = Release|Any CPU
		{0B3D9838-9DCD-4DB9-9372-81E87A9571D9}.Release|Any CPU.Build.0 = Release|Any CPU
		{D40E29D8-ED5A-432A-93F4-FB3342379016}.Debug|Any CPU.ActiveCfg = Debug|Any CPU
		{D40E29D8-ED5A-432A-93F4-FB3342379016}.Debug|Any CPU.Build.0 = Debug|Any CPU
		{D40E29D8-ED5A-432A-93F4-FB3342379016}.Release|Any CPU.ActiveCfg = Release|Any CPU
		{D40E29D8-ED5A-432A-93F4-FB3342379016}.Release|Any CPU.Build.0 = Release|Any CPU
	EndGlobalSection
	GlobalSection(SolutionProperties) = preSolution
		HideSolutionNode = FALSE
	EndGlobalSection
EndGlobal
